// !$*UTF8*$!
{
	archiveVersion = 1;
	classes = {
	};
	objectVersion = 50;
	objects = {

/* Begin PBXBuildFile section */
		22B08D4F25D3A48600C3EB54 /* AuthViewController.swift in Sources */ = {isa = PBXBuildFile; fileRef = 22B08D4E25D3A48600C3EB54 /* AuthViewController.swift */; };
		22B08D5225D48C9900C3EB54 /* DiskFile.swift in Sources */ = {isa = PBXBuildFile; fileRef = 22B08D5125D48C9900C3EB54 /* DiskFile.swift */; };
		22B08D5525D48CD100C3EB54 /* FileTableViewCell.swift in Sources */ = {isa = PBXBuildFile; fileRef = 22B08D5425D48CD100C3EB54 /* FileTableViewCell.swift */; };
		22FB985825D1A4DB00E187FD /* AppDelegate.swift in Sources */ = {isa = PBXBuildFile; fileRef = 22FB985725D1A4DB00E187FD /* AppDelegate.swift */; };
		22FB985A25D1A4DB00E187FD /* SceneDelegate.swift in Sources */ = {isa = PBXBuildFile; fileRef = 22FB985925D1A4DB00E187FD /* SceneDelegate.swift */; };
		22FB985C25D1A4DB00E187FD /* ViewController.swift in Sources */ = {isa = PBXBuildFile; fileRef = 22FB985B25D1A4DB00E187FD /* ViewController.swift */; };
		22FB985F25D1A4DB00E187FD /* Main.storyboard in Resources */ = {isa = PBXBuildFile; fileRef = 22FB985D25D1A4DB00E187FD /* Main.storyboard */; };
		22FB986125D1A4DD00E187FD /* Assets.xcassets in Resources */ = {isa = PBXBuildFile; fileRef = 22FB986025D1A4DD00E187FD /* Assets.xcassets */; };
		22FB986425D1A4DD00E187FD /* LaunchScreen.storyboard in Resources */ = {isa = PBXBuildFile; fileRef = 22FB986225D1A4DD00E187FD /* LaunchScreen.storyboard */; };
/* End PBXBuildFile section */

/* Begin PBXFileReference section */
		22B08D4E25D3A48600C3EB54 /* AuthViewController.swift */ = {isa = PBXFileReference; lastKnownFileType = sourcecode.swift; path = AuthViewController.swift; sourceTree = "<group>"; };
		22B08D5125D48C9900C3EB54 /* DiskFile.swift */ = {isa = PBXFileReference; lastKnownFileType = sourcecode.swift; path = DiskFile.swift; sourceTree = "<group>"; };
		22B08D5425D48CD100C3EB54 /* FileTableViewCell.swift */ = {isa = PBXFileReference; lastKnownFileType = sourcecode.swift; path = FileTableViewCell.swift; sourceTree = "<group>"; };
		22FB985425D1A4DB00E187FD /* RESTapiTEST.app */ = {isa = PBXFileReference; explicitFileType = wrapper.application; includeInIndex = 0; path = RESTapiTEST.app; sourceTree = BUILT_PRODUCTS_DIR; };
		22FB985725D1A4DB00E187FD /* AppDelegate.swift */ = {isa = PBXFileReference; lastKnownFileType = sourcecode.swift; path = AppDelegate.swift; sourceTree = "<group>"; };
		22FB985925D1A4DB00E187FD /* SceneDelegate.swift */ = {isa = PBXFileReference; lastKnownFileType = sourcecode.swift; path = SceneDelegate.swift; sourceTree = "<group>"; };
		22FB985B25D1A4DB00E187FD /* ViewController.swift */ = {isa = PBXFileReference; lastKnownFileType = sourcecode.swift; path = ViewController.swift; sourceTree = "<group>"; };
		22FB985E25D1A4DB00E187FD /* Base */ = {isa = PBXFileReference; lastKnownFileType = file.storyboard; name = Base; path = Base.lproj/Main.storyboard; sourceTree = "<group>"; };
		22FB986025D1A4DD00E187FD /* Assets.xcassets */ = {isa = PBXFileReference; lastKnownFileType = folder.assetcatalog; path = Assets.xcassets; sourceTree = "<group>"; };
		22FB986325D1A4DD00E187FD /* Base */ = {isa = PBXFileReference; lastKnownFileType = file.storyboard; name = Base; path = Base.lproj/LaunchScreen.storyboard; sourceTree = "<group>"; };
		22FB986525D1A4DD00E187FD /* Info.plist */ = {isa = PBXFileReference; lastKnownFileType = text.plist.xml; path = Info.plist; sourceTree = "<group>"; };
/* End PBXFileReference section */

/* Begin PBXFrameworksBuildPhase section */
		22FB985125D1A4DB00E187FD /* Frameworks */ = {
			isa = PBXFrameworksBuildPhase;
			buildActionMask = 2147483647;
			files = (
			);
			runOnlyForDeploymentPostprocessing = 0;
		};
/* End PBXFrameworksBuildPhase section */

/* Begin PBXGroup section */
		22FB984B25D1A4DB00E187FD = {
			isa = PBXGroup;
			children = (
				22FB985625D1A4DB00E187FD /* RESTapiTEST */,
				22FB985525D1A4DB00E187FD /* Products */,
			);
			sourceTree = "<group>";
		};
		22FB985525D1A4DB00E187FD /* Products */ = {
			isa = PBXGroup;
			children = (
				22FB985425D1A4DB00E187FD /* RESTapiTEST.app */,
			);
			name = Products;
			sourceTree = "<group>";
		};
		22FB985625D1A4DB00E187FD /* RESTapiTEST */ = {
			isa = PBXGroup;
			children = (
				22FB985725D1A4DB00E187FD /* AppDelegate.swift */,
				22FB985925D1A4DB00E187FD /* SceneDelegate.swift */,
				22FB985B25D1A4DB00E187FD /* ViewController.swift */,
				22B08D5125D48C9900C3EB54 /* DiskFile.swift */,
				22B08D4E25D3A48600C3EB54 /* AuthViewController.swift */,
				22B08D5425D48CD100C3EB54 /* FileTableViewCell.swift */,
				22FB985D25D1A4DB00E187FD /* Main.storyboard */,
				22FB986025D1A4DD00E187FD /* Assets.xcassets */,
				22FB986225D1A4DD00E187FD /* LaunchScreen.storyboard */,
				22FB986525D1A4DD00E187FD /* Info.plist */,
			);
			path = RESTapiTEST;
			sourceTree = "<group>";
		};
/* End PBXGroup section */

/* Begin PBXNativeTarget section */
		22FB985325D1A4DB00E187FD /* RESTapiTEST */ = {
			isa = PBXNativeTarget;
			buildConfigurationList = 22FB986825D1A4DD00E187FD /* Build configuration list for PBXNativeTarget "RESTapiTEST" */;
			buildPhases = (
				22FB985025D1A4DB00E187FD /* Sources */,
				22FB985125D1A4DB00E187FD /* Frameworks */,
				22FB985225D1A4DB00E187FD /* Resources */,
			);
			buildRules = (
			);
			dependencies = (
			);
			name = RESTapiTEST;
			productName = RESTapiTEST;
			productReference = 22FB985425D1A4DB00E187FD /* RESTapiTEST.app */;
			productType = "com.apple.product-type.application";
		};
/* End PBXNativeTarget section */

/* Begin PBXProject section */
		22FB984C25D1A4DB00E187FD /* Project object */ = {
			isa = PBXProject;
			attributes = {
				LastSwiftUpdateCheck = 1210;
				LastUpgradeCheck = 1210;
				TargetAttributes = {
					22FB985325D1A4DB00E187FD = {
						CreatedOnToolsVersion = 12.1;
					};
				};
			};
			buildConfigurationList = 22FB984F25D1A4DB00E187FD /* Build configuration list for PBXProject "RESTapiTEST" */;
			compatibilityVersion = "Xcode 9.3";
			developmentRegion = en;
			hasScannedForEncodings = 0;
			knownRegions = (
				en,
				Base,
			);
			mainGroup = 22FB984B25D1A4DB00E187FD;
			productRefGroup = 22FB985525D1A4DB00E187FD /* Products */;
			projectDirPath = "";
			projectRoot = "";
			targets = (
				22FB985325D1A4DB00E187FD /* RESTapiTEST */,
			);
		};
/* End PBXProject section */

/* Begin PBXResourcesBuildPhase section */
		22FB985225D1A4DB00E187FD /* Resources */ = {
			isa = PBXResourcesBuildPhase;
			buildActionMask = 2147483647;
			files = (
				22FB986425D1A4DD00E187FD /* LaunchScreen.storyboard in Resources */,
				22FB986125D1A4DD00E187FD /* Assets.xcassets in Resources */,
				22FB985F25D1A4DB00E187FD /* Main.storyboard in Resources */,
			);
			runOnlyForDeploymentPostprocessing = 0;
		};
/* End PBXResourcesBuildPhase section */

/* Begin PBXSourcesBuildPhase section */
		22FB985025D1A4DB00E187FD /* Sources */ = {
			isa = PBXSourcesBuildPhase;
			buildActionMask = 2147483647;
			files = (
				22B08D4F25D3A48600C3EB54 /* AuthViewController.swift in Sources */,
				22B08D5525D48CD100C3EB54 /* FileTableViewCell.swift in Sources */,
				22B08D5225D48C9900C3EB54 /* DiskFile.swift in Sources */,
				22FB985C25D1A4DB00E187FD /* ViewController.swift in Sources */,
				22FB985825D1A4DB00E187FD /* AppDelegate.swift in Sources */,
				22FB985A25D1A4DB00E187FD /* SceneDelegate.swift in Sources */,
			);
			runOnlyForDeploymentPostprocessing = 0;
		};
/* End PBXSourcesBuildPhase section */

/* Begin PBXVariantGroup section */
		22FB985D25D1A4DB00E187FD /* Main.storyboard */ = {
			isa = PBXVariantGroup;
			children = (
				22FB985E25D1A4DB00E187FD /* Base */,
			);
			name = Main.storyboard;
			sourceTree = "<group>";
		};
		22FB986225D1A4DD00E187FD /* LaunchScreen.storyboard */ = {
			isa = PBXVariantGroup;
			children = (
				22FB986325D1A4DD00E187FD /* Base */,
			);
			name = LaunchScreen.storyboard;
			sourceTree = "<group>";
		};
/* End PBXVariantGroup section */

/* Begin XCBuildConfiguration section */
		22FB986625D1A4DD00E187FD /* Debug */ = {
			isa = XCBuildConfiguration;
			buildSettings = {
				ALWAYS_SEARCH_USER_PATHS = NO;
				CLANG_ANALYZER_NONNULL = YES;
				CLANG_ANALYZER_NUMBER_OBJECT_CONVERSION = YES_AGGRESSIVE;
				CLANG_CXX_LANGUAGE_STANDARD = "gnu++14";
				CLANG_CXX_LIBRARY = "libc++";
				CLANG_ENABLE_MODULES = YES;
				CLANG_ENABLE_OBJC_ARC = YES;
				CLANG_ENABLE_OBJC_WEAK = YES;
				CLANG_WARN_BLOCK_CAPTURE_AUTORELEASING = YES;
				CLANG_WARN_BOOL_CONVERSION = YES;
				CLANG_WARN_COMMA = YES;
				CLANG_WARN_CONSTANT_CONVERSION = YES;
				CLANG_WARN_DEPRECATED_OBJC_IMPLEMENTATIONS = YES;
				CLANG_WARN_DIRECT_OBJC_ISA_USAGE = YES_ERROR;
				CLANG_WARN_DOCUMENTATION_COMMENTS = YES;
				CLANG_WARN_EMPTY_BODY = YES;
				CLANG_WARN_ENUM_CONVERSION = YES;
				CLANG_WARN_INFINITE_RECURSION = YES;
				CLANG_WARN_INT_CONVERSION = YES;
				CLANG_WARN_NON_LITERAL_NULL_CONVERSION = YES;
				CLANG_WARN_OBJC_IMPLICIT_RETAIN_SELF = YES;
				CLANG_WARN_OBJC_LITERAL_CONVERSION = YES;
				CLANG_WARN_OBJC_ROOT_CLASS = YES_ERROR;
				CLANG_WARN_QUOTED_INCLUDE_IN_FRAMEWORK_HEADER = YES;
				CLANG_WARN_RANGE_LOOP_ANALYSIS = YES;
				CLANG_WARN_STRICT_PROTOTYPES = YES;
				CLANG_WARN_SUSPICIOUS_MOVE = YES;
				CLANG_WARN_UNGUARDED_AVAILABILITY = YES_AGGRESSIVE;
				CLANG_WARN_UNREACHABLE_CODE = YES;
				CLANG_WARN__DUPLICATE_METHOD_MATCH = YES;
				COPY_PHASE_STRIP = NO;
				DEBUG_INFORMATION_FORMAT = dwarf;
				ENABLE_STRICT_OBJC_MSGSEND = YES;
				ENABLE_TESTABILITY = YES;
				GCC_C_LANGUAGE_STANDARD = gnu11;
				GCC_DYNAMIC_NO_PIC = NO;
				GCC_NO_COMMON_BLOCKS = YES;
				GCC_OPTIMIZATION_LEVEL = 0;
				GCC_PREPROCESSOR_DEFINITIONS = (
					"DEBUG=1",
					"$(inherited)",
				);
				GCC_WARN_64_TO_32_BIT_CONVERSION = YES;
				GCC_WARN_ABOUT_RETURN_TYPE = YES_ERROR;
				GCC_WARN_UNDECLARED_SELECTOR = YES;
				GCC_WARN_UNINITIALIZED_AUTOS = YES_AGGRESSIVE;
				GCC_WARN_UNUSED_FUNCTION = YES;
				GCC_WARN_UNUSED_VARIABLE = YES;
				IPHONEOS_DEPLOYMENT_TARGET = 14.1;
				MTL_ENABLE_DEBUG_INFO = INCLUDE_SOURCE;
				MTL_FAST_MATH = YES;
				ONLY_ACTIVE_ARCH = YES;
				SDKROOT = iphoneos;
				SWIFT_ACTIVE_COMPILATION_CONDITIONS = DEBUG;
				SWIFT_OPTIMIZATION_LEVEL = "-Onone";
			};
			name = Debug;
		};
		22FB986725D1A4DD00E187FD /* Release */ = {
			isa = XCBuildConfiguration;
			buildSettings = {
				ALWAYS_SEARCH_USER_PATHS = NO;
				CLANG_ANALYZER_NONNULL = YES;
				CLANG_ANALYZER_NUMBER_OBJECT_CONVERSION = YES_AGGRESSIVE;
				CLANG_CXX_LANGUAGE_STANDARD = "gnu++14";
				CLANG_CXX_LIBRARY = "libc++";
				CLANG_ENABLE_MODULES = YES;
				CLANG_ENABLE_OBJC_ARC = YES;
				CLANG_ENABLE_OBJC_WEAK = YES;
				CLANG_WARN_BLOCK_CAPTURE_AUTORELEASING = YES;
				CLANG_WARN_BOOL_CONVERSION = YES;
				CLANG_WARN_COMMA = YES;
				CLANG_WARN_CONSTANT_CONVERSION = YES;
				CLANG_WARN_DEPRECATED_OBJC_IMPLEMENTATIONS = YES;
				CLANG_WARN_DIRECT_OBJC_ISA_USAGE = YES_ERROR;
				CLANG_WARN_DOCUMENTATION_COMMENTS = YES;
				CLANG_WARN_EMPTY_BODY = YES;
				CLANG_WARN_ENUM_CONVERSION = YES;
				CLANG_WARN_INFINITE_RECURSION = YES;
				CLANG_WARN_INT_CONVERSION = YES;
				CLANG_WARN_NON_LITERAL_NULL_CONVERSION = YES;
				CLANG_WARN_OBJC_IMPLICIT_RETAIN_SELF = YES;
				CLANG_WARN_OBJC_LITERAL_CONVERSION = YES;
				CLANG_WARN_OBJC_ROOT_CLASS = YES_ERROR;
				CLANG_WARN_QUOTED_INCLUDE_IN_FRAMEWORK_HEADER = YES;
				CLANG_WARN_RANGE_LOOP_ANALYSIS = YES;
				CLANG_WARN_STRICT_PROTOTYPES = YES;
				CLANG_WARN_SUSPICIOUS_MOVE = YES;
				CLANG_WARN_UNGUARDED_AVAILABILITY = YES_AGGRESSIVE;
				CLANG_WARN_UNREACHABLE_CODE = YES;
				CLANG_WARN__DUPLICATE_METHOD_MATCH = YES;
				COPY_PHASE_STRIP = NO;
				DEBUG_INFORMATION_FORMAT = "dwarf-with-dsym";
				ENABLE_NS_ASSERTIONS = NO;
				ENABLE_STRICT_OBJC_MSGSEND = YES;
				GCC_C_LANGUAGE_STANDARD = gnu11;
				GCC_NO_COMMON_BLOCKS = YES;
				GCC_WARN_64_TO_32_BIT_CONVERSION = YES;
				GCC_WARN_ABOUT_RETURN_TYPE = YES_ERROR;
				GCC_WARN_UNDECLARED_SELECTOR = YES;
				GCC_WARN_UNINITIALIZED_AUTOS = YES_AGGRESSIVE;
				GCC_WARN_UNUSED_FUNCTION = YES;
				GCC_WARN_UNUSED_VARIABLE = YES;
				IPHONEOS_DEPLOYMENT_TARGET = 14.1;
				MTL_ENABLE_DEBUG_INFO = NO;
				MTL_FAST_MATH = YES;
				SDKROOT = iphoneos;
				SWIFT_COMPILATION_MODE = wholemodule;
				SWIFT_OPTIMIZATION_LEVEL = "-O";
				VALIDATE_PRODUCT = YES;
			};
			name = Release;
		};
		22FB986925D1A4DD00E187FD /* Debug */ = {
			isa = XCBuildConfiguration;
			buildSettings = {
				ASSETCATALOG_COMPILER_APPICON_NAME = AppIcon;
				ASSETCATALOG_COMPILER_GLOBAL_ACCENT_COLOR_NAME = AccentColor;
				CODE_SIGN_STYLE = Automatic;
				DEVELOPMENT_TEAM = CY5ZK5KG8K;
				INFOPLIST_FILE = RESTapiTEST/Info.plist;
				LD_RUNPATH_SEARCH_PATHS = (
					"$(inherited)",
					"@executable_path/Frameworks",
				);
				PRODUCT_BUNDLE_IDENTIFIER = damir.miniakhmetov.RESTapiTEST;
				PRODUCT_NAME = "$(TARGET_NAME)";
				SWIFT_VERSION = 5.0;
				TARGETED_DEVICE_FAMILY = "1,2";
			};
			name = Debug;
		};
		22FB986A25D1A4DD00E187FD /* Release */ = {
			isa = XCBuildConfiguration;
			buildSettings = {
				ASSETCATALOG_COMPILER_APPICON_NAME = AppIcon;
				ASSETCATALOG_COMPILER_GLOBAL_ACCENT_COLOR_NAME = AccentColor;
				CODE_SIGN_STYLE = Automatic;
				DEVELOPMENT_TEAM = CY5ZK5KG8K;
				INFOPLIST_FILE = RESTapiTEST/Info.plist;
				LD_RUNPATH_SEARCH_PATHS = (
					"$(inherited)",
					"@executable_path/Frameworks",
				);
				PRODUCT_BUNDLE_IDENTIFIER = damir.miniakhmetov.RESTapiTEST;
				PRODUCT_NAME = "$(TARGET_NAME)";
				SWIFT_VERSION = 5.0;
				TARGETED_DEVICE_FAMILY = "1,2";
			};
			name = Release;
		};
/* End XCBuildConfiguration section */

/* Begin XCConfigurationList section */
		22FB984F25D1A4DB00E187FD /* Build configuration list for PBXProject "RESTapiTEST" */ = {
			isa = XCConfigurationList;
			buildConfigurations = (
				22FB986625D1A4DD00E187FD /* Debug */,
				22FB986725D1A4DD00E187FD /* Release */,
			);
			defaultConfigurationIsVisible = 0;
			defaultConfigurationName = Release;
		};
		22FB986825D1A4DD00E187FD /* Build configuration list for PBXNativeTarget "RESTapiTEST" */ = {
			isa = XCConfigurationList;
			buildConfigurations = (
				22FB986925D1A4DD00E187FD /* Debug */,
				22FB986A25D1A4DD00E187FD /* Release */,
			);
			defaultConfigurationIsVisible = 0;
			defaultConfigurationName = Release;
		};
/* End XCConfigurationList section */
	};
	rootObject = 22FB984C25D1A4DB00E187FD /* Project object */;
}
